// !$*UTF8*$!
{
	archiveVersion = 1;
	classes = {
	};
	objectVersion = 50;
	objects = {

/* Begin PBXBuildFile section */
		18F78B9622DCCE0A00D32182 /* AppDelegate.swift in Sources */ = {isa = PBXBuildFile; fileRef = 18F78B9522DCCE0A00D32182 /* AppDelegate.swift */; };
		18F78B9B22DCCE0A00D32182 /* Main.storyboard in Resources */ = {isa = PBXBuildFile; fileRef = 18F78B9922DCCE0A00D32182 /* Main.storyboard */; };
		18F78B9E22DCCE0A00D32182 /* todolist.xcdatamodeld in Sources */ = {isa = PBXBuildFile; fileRef = 18F78B9C22DCCE0A00D32182 /* todolist.xcdatamodeld */; };
		18F78BA022DCCE0C00D32182 /* Assets.xcassets in Resources */ = {isa = PBXBuildFile; fileRef = 18F78B9F22DCCE0C00D32182 /* Assets.xcassets */; };
		18F78BA322DCCE0C00D32182 /* LaunchScreen.storyboard in Resources */ = {isa = PBXBuildFile; fileRef = 18F78BA122DCCE0C00D32182 /* LaunchScreen.storyboard */; };
		18F78BAE22DCCE0C00D32182 /* todolistTests.swift in Sources */ = {isa = PBXBuildFile; fileRef = 18F78BAD22DCCE0C00D32182 /* todolistTests.swift */; };
		18F78BB922DCCE0C00D32182 /* todolistUITests.swift in Sources */ = {isa = PBXBuildFile; fileRef = 18F78BB822DCCE0C00D32182 /* todolistUITests.swift */; };
		18F78BC722DCD20D00D32182 /* File.swift in Sources */ = {isa = PBXBuildFile; fileRef = 18F78BC622DCD20D00D32182 /* File.swift */; };
		18F78BC922DCD38300D32182 /* `.swift in Sources */ = {isa = PBXBuildFile; fileRef = 18F78BC822DCD38300D32182 /* `.swift */; };
/* End PBXBuildFile section */

/* Begin PBXContainerItemProxy section */
		18F78BAA22DCCE0C00D32182 /* PBXContainerItemProxy */ = {
			isa = PBXContainerItemProxy;
			containerPortal = 18F78B8A22DCCE0A00D32182 /* Project object */;
			proxyType = 1;
			remoteGlobalIDString = 18F78B9122DCCE0A00D32182;
			remoteInfo = todolist;
		};
		18F78BB522DCCE0C00D32182 /* PBXContainerItemProxy */ = {
			isa = PBXContainerItemProxy;
			containerPortal = 18F78B8A22DCCE0A00D32182 /* Project object */;
			proxyType = 1;
			remoteGlobalIDString = 18F78B9122DCCE0A00D32182;
			remoteInfo = todolist;
		};
/* End PBXContainerItemProxy section */

/* Begin PBXFileReference section */
		18F78B9222DCCE0A00D32182 /* todolist.app */ = {isa = PBXFileReference; explicitFileType = wrapper.application; includeInIndex = 0; path = todolist.app; sourceTree = BUILT_PRODUCTS_DIR; };
		18F78B9522DCCE0A00D32182 /* AppDelegate.swift */ = {isa = PBXFileReference; lastKnownFileType = sourcecode.swift; path = AppDelegate.swift; sourceTree = "<group>"; };
		18F78B9A22DCCE0A00D32182 /* Base */ = {isa = PBXFileReference; lastKnownFileType = file.storyboard; name = Base; path = Base.lproj/Main.storyboard; sourceTree = "<group>"; };
		18F78B9D22DCCE0A00D32182 /* todolist.xcdatamodel */ = {isa = PBXFileReference; lastKnownFileType = wrapper.xcdatamodel; path = todolist.xcdatamodel; sourceTree = "<group>"; };
		18F78B9F22DCCE0C00D32182 /* Assets.xcassets */ = {isa = PBXFileReference; lastKnownFileType = folder.assetcatalog; path = Assets.xcassets; sourceTree = "<group>"; };
		18F78BA222DCCE0C00D32182 /* Base */ = {isa = PBXFileReference; lastKnownFileType = file.storyboard; name = Base; path = Base.lproj/LaunchScreen.storyboard; sourceTree = "<group>"; };
		18F78BA422DCCE0C00D32182 /* Info.plist */ = {isa = PBXFileReference; lastKnownFileType = text.plist.xml; path = Info.plist; sourceTree = "<group>"; };
		18F78BA922DCCE0C00D32182 /* todolistTests.xctest */ = {isa = PBXFileReference; explicitFileType = wrapper.cfbundle; includeInIndex = 0; path = todolistTests.xctest; sourceTree = BUILT_PRODUCTS_DIR; };
		18F78BAD22DCCE0C00D32182 /* todolistTests.swift */ = {isa = PBXFileReference; lastKnownFileType = sourcecode.swift; path = todolistTests.swift; sourceTree = "<group>"; };
		18F78BAF22DCCE0C00D32182 /* Info.plist */ = {isa = PBXFileReference; lastKnownFileType = text.plist.xml; path = Info.plist; sourceTree = "<group>"; };
		18F78BB422DCCE0C00D32182 /* todolistUITests.xctest */ = {isa = PBXFileReference; explicitFileType = wrapper.cfbundle; includeInIndex = 0; path = todolistUITests.xctest; sourceTree = BUILT_PRODUCTS_DIR; };
		18F78BB822DCCE0C00D32182 /* todolistUITests.swift */ = {isa = PBXFileReference; lastKnownFileType = sourcecode.swift; path = todolistUITests.swift; sourceTree = "<group>"; };
		18F78BBA22DCCE0C00D32182 /* Info.plist */ = {isa = PBXFileReference; lastKnownFileType = text.plist.xml; path = Info.plist; sourceTree = "<group>"; };
		18F78BC622DCD20D00D32182 /* File.swift */ = {isa = PBXFileReference; lastKnownFileType = sourcecode.swift; path = File.swift; sourceTree = "<group>"; };
		18F78BC822DCD38300D32182 /* `.swift */ = {isa = PBXFileReference; lastKnownFileType = sourcecode.swift; path = "`.swift"; sourceTree = "<group>"; };
/* End PBXFileReference section */

/* Begin PBXFrameworksBuildPhase section */
		18F78B8F22DCCE0A00D32182 /* Frameworks */ = {
			isa = PBXFrameworksBuildPhase;
			buildActionMask = 2147483647;
			files = (
			);
			runOnlyForDeploymentPostprocessing = 0;
		};
		18F78BA622DCCE0C00D32182 /* Frameworks */ = {
			isa = PBXFrameworksBuildPhase;
			buildActionMask = 2147483647;
			files = (
			);
			runOnlyForDeploymentPostprocessing = 0;
		};
		18F78BB122DCCE0C00D32182 /* Frameworks */ = {
			isa = PBXFrameworksBuildPhase;
			buildActionMask = 2147483647;
			files = (
			);
			runOnlyForDeploymentPostprocessing = 0;
		};
/* End PBXFrameworksBuildPhase section */

/* Begin PBXGroup section */
		18F78B8922DCCE0A00D32182 = {
			isa = PBXGroup;
			children = (
				18F78B9422DCCE0A00D32182 /* todolist */,
				18F78BAC22DCCE0C00D32182 /* todolistTests */,
				18F78BB722DCCE0C00D32182 /* todolistUITests */,
				18F78B9322DCCE0A00D32182 /* Products */,
			);
			sourceTree = "<group>";
		};
		18F78B9322DCCE0A00D32182 /* Products */ = {
			isa = PBXGroup;
			children = (
				18F78B9222DCCE0A00D32182 /* todolist.app */,
				18F78BA922DCCE0C00D32182 /* todolistTests.xctest */,
				18F78BB422DCCE0C00D32182 /* todolistUITests.xctest */,
			);
			name = Products;
			sourceTree = "<group>";
		};
		18F78B9422DCCE0A00D32182 /* todolist */ = {
			isa = PBXGroup;
			children = (
				18F78B9522DCCE0A00D32182 /* AppDelegate.swift */,
				18F78B9922DCCE0A00D32182 /* Main.storyboard */,
				18F78BC622DCD20D00D32182 /* File.swift */,
				18F78BC822DCD38300D32182 /* `.swift */,
				18F78B9F22DCCE0C00D32182 /* Assets.xcassets */,
				18F78BA122DCCE0C00D32182 /* LaunchScreen.storyboard */,
				18F78BA422DCCE0C00D32182 /* Info.plist */,
				18F78B9C22DCCE0A00D32182 /* todolist.xcdatamodeld */,
			);
			path = todolist;
			sourceTree = "<group>";
		};
		18F78BAC22DCCE0C00D32182 /* todolistTests */ = {
			isa = PBXGroup;
			children = (
				18F78BAD22DCCE0C00D32182 /* todolistTests.swift */,
				18F78BAF22DCCE0C00D32182 /* Info.plist */,
			);
			path = todolistTests;
			sourceTree = "<group>";
		};
		18F78BB722DCCE0C00D32182 /* todolistUITests */ = {
			isa = PBXGroup;
			children = (
				18F78BB822DCCE0C00D32182 /* todolistUITests.swift */,
				18F78BBA22DCCE0C00D32182 /* Info.plist */,
			);
			path = todolistUITests;
			sourceTree = "<group>";
		};
/* End PBXGroup section */

/* Begin PBXNativeTarget section */
		18F78B9122DCCE0A00D32182 /* todolist */ = {
			isa = PBXNativeTarget;
			buildConfigurationList = 18F78BBD22DCCE0C00D32182 /* Build configuration list for PBXNativeTarget "todolist" */;
			buildPhases = (
				18F78B8E22DCCE0A00D32182 /* Sources */,
				18F78B8F22DCCE0A00D32182 /* Frameworks */,
				18F78B9022DCCE0A00D32182 /* Resources */,
			);
			buildRules = (
			);
			dependencies = (
			);
			name = todolist;
			productName = todolist;
			productReference = 18F78B9222DCCE0A00D32182 /* todolist.app */;
			productType = "com.apple.product-type.application";
		};
		18F78BA822DCCE0C00D32182 /* todolistTests */ = {
			isa = PBXNativeTarget;
			buildConfigurationList = 18F78BC022DCCE0C00D32182 /* Build configuration list for PBXNativeTarget "todolistTests" */;
			buildPhases = (
				18F78BA522DCCE0C00D32182 /* Sources */,
				18F78BA622DCCE0C00D32182 /* Frameworks */,
				18F78BA722DCCE0C00D32182 /* Resources */,
			);
			buildRules = (
			);
			dependencies = (
				18F78BAB22DCCE0C00D32182 /* PBXTargetDependency */,
			);
			name = todolistTests;
			productName = todolistTests;
			productReference = 18F78BA922DCCE0C00D32182 /* todolistTests.xctest */;
			productType = "com.apple.product-type.bundle.unit-test";
		};
		18F78BB322DCCE0C00D32182 /* todolistUITests */ = {
			isa = PBXNativeTarget;
			buildConfigurationList = 18F78BC322DCCE0C00D32182 /* Build configuration list for PBXNativeTarget "todolistUITests" */;
			buildPhases = (
				18F78BB022DCCE0C00D32182 /* Sources */,
				18F78BB122DCCE0C00D32182 /* Frameworks */,
				18F78BB222DCCE0C00D32182 /* Resources */,
			);
			buildRules = (
			);
			dependencies = (
				18F78BB622DCCE0C00D32182 /* PBXTargetDependency */,
			);
			name = todolistUITests;
			productName = todolistUITests;
			productReference = 18F78BB422DCCE0C00D32182 /* todolistUITests.xctest */;
			productType = "com.apple.product-type.bundle.ui-testing";
		};
/* End PBXNativeTarget section */

/* Begin PBXProject section */
		18F78B8A22DCCE0A00D32182 /* Project object */ = {
			isa = PBXProject;
			attributes = {
				LastSwiftUpdateCheck = 1020;
				LastUpgradeCheck = 1020;
				ORGANIZATIONNAME = Apple;
				TargetAttributes = {
					18F78B9122DCCE0A00D32182 = {
						CreatedOnToolsVersion = 10.2.1;
					};
					18F78BA822DCCE0C00D32182 = {
						CreatedOnToolsVersion = 10.2.1;
						TestTargetID = 18F78B9122DCCE0A00D32182;
					};
					18F78BB322DCCE0C00D32182 = {
						CreatedOnToolsVersion = 10.2.1;
						TestTargetID = 18F78B9122DCCE0A00D32182;
					};
				};
			};
			buildConfigurationList = 18F78B8D22DCCE0A00D32182 /* Build configuration list for PBXProject "todolist" */;
			compatibilityVersion = "Xcode 9.3";
			developmentRegion = en;
			hasScannedForEncodings = 0;
			knownRegions = (
				en,
				Base,
			);
			mainGroup = 18F78B8922DCCE0A00D32182;
			productRefGroup = 18F78B9322DCCE0A00D32182 /* Products */;
			projectDirPath = "";
			projectRoot = "";
			targets = (
				18F78B9122DCCE0A00D32182 /* todolist */,
				18F78BA822DCCE0C00D32182 /* todolistTests */,
				18F78BB322DCCE0C00D32182 /* todolistUITests */,
			);
		};
/* End PBXProject section */

/* Begin PBXResourcesBuildPhase section */
		18F78B9022DCCE0A00D32182 /* Resources */ = {
			isa = PBXResourcesBuildPhase;
			buildActionMask = 2147483647;
			files = (
				18F78BA322DCCE0C00D32182 /* LaunchScreen.storyboard in Resources */,
				18F78BA022DCCE0C00D32182 /* Assets.xcassets in Resources */,
				18F78B9B22DCCE0A00D32182 /* Main.storyboard in Resources */,
			);
			runOnlyForDeploymentPostprocessing = 0;
		};
		18F78BA722DCCE0C00D32182 /* Resources */ = {
			isa = PBXResourcesBuildPhase;
			buildActionMask = 2147483647;
			files = (
			);
			runOnlyForDeploymentPostprocessing = 0;
		};
		18F78BB222DCCE0C00D32182 /* Resources */ = {
			isa = PBXResourcesBuildPhase;
			buildActionMask = 2147483647;
			files = (
			);
			runOnlyForDeploymentPostprocessing = 0;
		};
/* End PBXResourcesBuildPhase section */

/* Begin PBXSourcesBuildPhase section */
		18F78B8E22DCCE0A00D32182 /* Sources */ = {
			isa = PBXSourcesBuildPhase;
			buildActionMask = 2147483647;
			files = (
				18F78B9E22DCCE0A00D32182 /* todolist.xcdatamodeld in Sources */,
				18F78BC722DCD20D00D32182 /* File.swift in Sources */,
				18F78B9622DCCE0A00D32182 /* AppDelegate.swift in Sources */,
				18F78BC922DCD38300D32182 /* `.swift in Sources */,
			);
			runOnlyForDeploymentPostprocessing = 0;
		};
		18F78BA522DCCE0C00D32182 /* Sources */ = {
			isa = PBXSourcesBuildPhase;
			buildActionMask = 2147483647;
			files = (
				18F78BAE22DCCE0C00D32182 /* todolistTests.swift in Sources */,
			);
			runOnlyForDeploymentPostprocessing = 0;
		};
		18F78BB022DCCE0C00D32182 /* Sources */ = {
			isa = PBXSourcesBuildPhase;
			buildActionMask = 2147483647;
			files = (
				18F78BB922DCCE0C00D32182 /* todolistUITests.swift in Sources */,
			);
			runOnlyForDeploymentPostprocessing = 0;
		};
/* End PBXSourcesBuildPhase section */

/* Begin PBXTargetDependency section */
		18F78BAB22DCCE0C00D32182 /* PBXTargetDependency */ = {
			isa = PBXTargetDependency;
			target = 18F78B9122DCCE0A00D32182 /* todolist */;
			targetProxy = 18F78BAA22DCCE0C00D32182 /* PBXContainerItemProxy */;
		};
		18F78BB622DCCE0C00D32182 /* PBXTargetDependency */ = {
			isa = PBXTargetDependency;
			target = 18F78B9122DCCE0A00D32182 /* todolist */;
			targetProxy = 18F78BB522DCCE0C00D32182 /* PBXContainerItemProxy */;
		};
/* End PBXTargetDependency section */

/* Begin PBXVariantGroup section */
		18F78B9922DCCE0A00D32182 /* Main.storyboard */ = {
			isa = PBXVariantGroup;
			children = (
				18F78B9A22DCCE0A00D32182 /* Base */,
			);
			name = Main.storyboard;
			sourceTree = "<group>";
		};
		18F78BA122DCCE0C00D32182 /* LaunchScreen.storyboard */ = {
			isa = PBXVariantGroup;
			children = (
				18F78BA222DCCE0C00D32182 /* Base */,
			);
			name = LaunchScreen.storyboard;
			sourceTree = "<group>";
		};
/* End PBXVariantGroup section */

/* Begin XCBuildConfiguration section */
		18F78BBB22DCCE0C00D32182 /* Debug */ = {
			isa = XCBuildConfiguration;
			buildSettings = {
				ALWAYS_SEARCH_USER_PATHS = NO;
				CLANG_ANALYZER_NONNULL = YES;
				CLANG_ANALYZER_NUMBER_OBJECT_CONVERSION = YES_AGGRESSIVE;
				CLANG_CXX_LANGUAGE_STANDARD = "gnu++14";
				CLANG_CXX_LIBRARY = "libc++";
				CLANG_ENABLE_MODULES = YES;
				CLANG_ENABLE_OBJC_ARC = YES;
				CLANG_ENABLE_OBJC_WEAK = YES;
				CLANG_WARN_BLOCK_CAPTURE_AUTORELEASING = YES;
				CLANG_WARN_BOOL_CONVERSION = YES;
				CLANG_WARN_COMMA = YES;
				CLANG_WARN_CONSTANT_CONVERSION = YES;
				CLANG_WARN_DEPRECATED_OBJC_IMPLEMENTATIONS = YES;
				CLANG_WARN_DIRECT_OBJC_ISA_USAGE = YES_ERROR;
				CLANG_WARN_DOCUMENTATION_COMMENTS = YES;
				CLANG_WARN_EMPTY_BODY = YES;
				CLANG_WARN_ENUM_CONVERSION = YES;
				CLANG_WARN_INFINITE_RECURSION = YES;
				CLANG_WARN_INT_CONVERSION = YES;
				CLANG_WARN_NON_LITERAL_NULL_CONVERSION = YES;
				CLANG_WARN_OBJC_IMPLICIT_RETAIN_SELF = YES;
				CLANG_WARN_OBJC_LITERAL_CONVERSION = YES;
				CLANG_WARN_OBJC_ROOT_CLASS = YES_ERROR;
				CLANG_WARN_RANGE_LOOP_ANALYSIS = YES;
				CLANG_WARN_STRICT_PROTOTYPES = YES;
				CLANG_WARN_SUSPICIOUS_MOVE = YES;
				CLANG_WARN_UNGUARDED_AVAILABILITY = YES_AGGRESSIVE;
				CLANG_WARN_UNREACHABLE_CODE = YES;
				CLANG_WARN__DUPLICATE_METHOD_MATCH = YES;
				CODE_SIGN_IDENTITY = "iPhone Developer";
				COPY_PHASE_STRIP = NO;
				DEBUG_INFORMATION_FORMAT = dwarf;
				ENABLE_STRICT_OBJC_MSGSEND = YES;
				ENABLE_TESTABILITY = YES;
				GCC_C_LANGUAGE_STANDARD = gnu11;
				GCC_DYNAMIC_NO_PIC = NO;
				GCC_NO_COMMON_BLOCKS = YES;
				GCC_OPTIMIZATION_LEVEL = 0;
				GCC_PREPROCESSOR_DEFINITIONS = (
					"DEBUG=1",
					"$(inherited)",
				);
				GCC_WARN_64_TO_32_BIT_CONVERSION = YES;
				GCC_WARN_ABOUT_RETURN_TYPE = YES_ERROR;
				GCC_WARN_UNDECLARED_SELECTOR = YES;
				GCC_WARN_UNINITIALIZED_AUTOS = YES_AGGRESSIVE;
				GCC_WARN_UNUSED_FUNCTION = YES;
				GCC_WARN_UNUSED_VARIABLE = YES;
				IPHONEOS_DEPLOYMENT_TARGET = 12.2;
				MTL_ENABLE_DEBUG_INFO = INCLUDE_SOURCE;
				MTL_FAST_MATH = YES;
				ONLY_ACTIVE_ARCH = YES;
				SDKROOT = iphoneos;
				SWIFT_ACTIVE_COMPILATION_CONDITIONS = DEBUG;
				SWIFT_OPTIMIZATION_LEVEL = "-Onone";
			};
			name = Debug;
		};
		18F78BBC22DCCE0C00D32182 /* Release */ = {
			isa = XCBuildConfiguration;
			buildSettings = {
				ALWAYS_SEARCH_USER_PATHS = NO;
				CLANG_ANALYZER_NONNULL = YES;
				CLANG_ANALYZER_NUMBER_OBJECT_CONVERSION = YES_AGGRESSIVE;
				CLANG_CXX_LANGUAGE_STANDARD = "gnu++14";
				CLANG_CXX_LIBRARY = "libc++";
				CLANG_ENABLE_MODULES = YES;
				CLANG_ENABLE_OBJC_ARC = YES;
				CLANG_ENABLE_OBJC_WEAK = YES;
				CLANG_WARN_BLOCK_CAPTURE_AUTORELEASING = YES;
				CLANG_WARN_BOOL_CONVERSION = YES;
				CLANG_WARN_COMMA = YES;
				CLANG_WARN_CONSTANT_CONVERSION = YES;
				CLANG_WARN_DEPRECATED_OBJC_IMPLEMENTATIONS = YES;
				CLANG_WARN_DIRECT_OBJC_ISA_USAGE = YES_ERROR;
				CLANG_WARN_DOCUMENTATION_COMMENTS = YES;
				CLANG_WARN_EMPTY_BODY = YES;
				CLANG_WARN_ENUM_CONVERSION = YES;
				CLANG_WARN_INFINITE_RECURSION = YES;
				CLANG_WARN_INT_CONVERSION = YES;
				CLANG_WARN_NON_LITERAL_NULL_CONVERSION = YES;
				CLANG_WARN_OBJC_IMPLICIT_RETAIN_SELF = YES;
				CLANG_WARN_OBJC_LITERAL_CONVERSION = YES;
				CLANG_WARN_OBJC_ROOT_CLASS = YES_ERROR;
				CLANG_WARN_RANGE_LOOP_ANALYSIS = YES;
				CLANG_WARN_STRICT_PROTOTYPES = YES;
				CLANG_WARN_SUSPICIOUS_MOVE = YES;
				CLANG_WARN_UNGUARDED_AVAILABILITY = YES_AGGRESSIVE;
				CLANG_WARN_UNREACHABLE_CODE = YES;
				CLANG_WARN__DUPLICATE_METHOD_MATCH = YES;
				CODE_SIGN_IDENTITY = "iPhone Developer";
				COPY_PHASE_STRIP = NO;
				DEBUG_INFORMATION_FORMAT = "dwarf-with-dsym";
				ENABLE_NS_ASSERTIONS = NO;
				ENABLE_STRICT_OBJC_MSGSEND = YES;
				GCC_C_LANGUAGE_STANDARD = gnu11;
				GCC_NO_COMMON_BLOCKS = YES;
				GCC_WARN_64_TO_32_BIT_CONVERSION = YES;
				GCC_WARN_ABOUT_RETURN_TYPE = YES_ERROR;
				GCC_WARN_UNDECLARED_SELECTOR = YES;
				GCC_WARN_UNINITIALIZED_AUTOS = YES_AGGRESSIVE;
				GCC_WARN_UNUSED_FUNCTION = YES;
				GCC_WARN_UNUSED_VARIABLE = YES;
				IPHONEOS_DEPLOYMENT_TARGET = 12.2;
				MTL_ENABLE_DEBUG_INFO = NO;
				MTL_FAST_MATH = YES;
				SDKROOT = iphoneos;
				SWIFT_COMPILATION_MODE = wholemodule;
				SWIFT_OPTIMIZATION_LEVEL = "-O";
				VALIDATE_PRODUCT = YES;
			};
			name = Release;
		};
		18F78BBE22DCCE0C00D32182 /* Debug */ = {
			isa = XCBuildConfiguration;
			buildSettings = {
				ASSETCATALOG_COMPILER_APPICON_NAME = AppIcon;
				CODE_SIGN_STYLE = Automatic;
				INFOPLIST_FILE = todolist/Info.plist;
				LD_RUNPATH_SEARCH_PATHS = (
					"$(inherited)",
					"@executable_path/Frameworks",
				);
				PRODUCT_BUNDLE_IDENTIFIER = KWK.todolist;
				PRODUCT_NAME = "$(TARGET_NAME)";
				SWIFT_VERSION = 5.0;
				TARGETED_DEVICE_FAMILY = "1,2";
			};
			name = Debug;
		};
		18F78BBF22DCCE0C00D32182 /* Release */ = {
			isa = XCBuildConfiguration;
			buildSettings = {
				ASSETCATALOG_COMPILER_APPICON_NAME = AppIcon;
				CODE_SIGN_STYLE = Automatic;
				INFOPLIST_FILE = todolist/Info.plist;
				LD_RUNPATH_SEARCH_PATHS = (
					"$(inherited)",
					"@executable_path/Frameworks",
				);
				PRODUCT_BUNDLE_IDENTIFIER = KWK.todolist;
				PRODUCT_NAME = "$(TARGET_NAME)";
				SWIFT_VERSION = 5.0;
				TARGETED_DEVICE_FAMILY = "1,2";
			};
			name = Release;
		};
		18F78BC122DCCE0C00D32182 /* Debug */ = {
			isa = XCBuildConfiguration;
			buildSettings = {
				ALWAYS_EMBED_SWIFT_STANDARD_LIBRARIES = YES;
				BUNDLE_LOADER = "$(TEST_HOST)";
				CODE_SIGN_STYLE = Automatic;
				INFOPLIST_FILE = todolistTests/Info.plist;
				LD_RUNPATH_SEARCH_PATHS = (
					"$(inherited)",
					"@executable_path/Frameworks",
					"@loader_path/Frameworks",
				);
				PRODUCT_BUNDLE_IDENTIFIER = KWK.todolistTests;
				PRODUCT_NAME = "$(TARGET_NAME)";
				SWIFT_VERSION = 5.0;
				TARGETED_DEVICE_FAMILY = "1,2";
				TEST_HOST = "$(BUILT_PRODUCTS_DIR)/todolist.app/todolist";
			};
			name = Debug;
		};
		18F78BC222DCCE0C00D32182 /* Release */ = {
			isa = XCBuildConfiguration;
			buildSettings = {
				ALWAYS_EMBED_SWIFT_STANDARD_LIBRARIES = YES;
				BUNDLE_LOADER = "$(TEST_HOST)";
				CODE_SIGN_STYLE = Automatic;
				INFOPLIST_FILE = todolistTests/Info.plist;
				LD_RUNPATH_SEARCH_PATHS = (
					"$(inherited)",
					"@executable_path/Frameworks",
					"@loader_path/Frameworks",
				);
				PRODUCT_BUNDLE_IDENTIFIER = KWK.todolistTests;
				PRODUCT_NAME = "$(TARGET_NAME)";
				SWIFT_VERSION = 5.0;
				TARGETED_DEVICE_FAMILY = "1,2";
				TEST_HOST = "$(BUILT_PRODUCTS_DIR)/todolist.app/todolist";
			};
			name = Release;
		};
		18F78BC422DCCE0C00D32182 /* Debug */ = {
			isa = XCBuildConfiguration;
			buildSettings = {
				ALWAYS_EMBED_SWIFT_STANDARD_LIBRARIES = YES;
				CODE_SIGN_STYLE = Automatic;
				INFOPLIST_FILE = todolistUITests/Info.plist;
				LD_RUNPATH_SEARCH_PATHS = (
					"$(inherited)",
					"@executable_path/Frameworks",
					"@loader_path/Frameworks",
				);
				PRODUCT_BUNDLE_IDENTIFIER = KWK.todolistUITests;
				PRODUCT_NAME = "$(TARGET_NAME)";
				SWIFT_VERSION = 5.0;
				TARGETED_DEVICE_FAMILY = "1,2";
				TEST_TARGET_NAME = todolist;
			};
			name = Debug;
		};
		18F78BC522DCCE0C00D32182 /* Release */ = {
			isa = XCBuildConfiguration;
			buildSettings = {
				ALWAYS_EMBED_SWIFT_STANDARD_LIBRARIES = YES;
				CODE_SIGN_STYLE = Automatic;
				INFOPLIST_FILE = todolistUITests/Info.plist;
				LD_RUNPATH_SEARCH_PATHS = (
					"$(inherited)",
					"@executable_path/Frameworks",
					"@loader_path/Frameworks",
				);
				PRODUCT_BUNDLE_IDENTIFIER = KWK.todolistUITests;
				PRODUCT_NAME = "$(TARGET_NAME)";
				SWIFT_VERSION = 5.0;
				TARGETED_DEVICE_FAMILY = "1,2";
				TEST_TARGET_NAME = todolist;
			};
			name = Release;
		};
/* End XCBuildConfiguration section */

/* Begin XCConfigurationList section */
		18F78B8D22DCCE0A00D32182 /* Build configuration list for PBXProject "todolist" */ = {
			isa = XCConfigurationList;
			buildConfigurations = (
				18F78BBB22DCCE0C00D32182 /* Debug */,
				18F78BBC22DCCE0C00D32182 /* Release */,
			);
			defaultConfigurationIsVisible = 0;
			defaultConfigurationName = Release;
		};
		18F78BBD22DCCE0C00D32182 /* Build configuration list for PBXNativeTarget "todolist" */ = {
			isa = XCConfigurationList;
			buildConfigurations = (
				18F78BBE22DCCE0C00D32182 /* Debug */,
				18F78BBF22DCCE0C00D32182 /* Release */,
			);
			defaultConfigurationIsVisible = 0;
			defaultConfigurationName = Release;
		};
		18F78BC022DCCE0C00D32182 /* Build configuration list for PBXNativeTarget "todolistTests" */ = {
			isa = XCConfigurationList;
			buildConfigurations = (
				18F78BC122DCCE0C00D32182 /* Debug */,
				18F78BC222DCCE0C00D32182 /* Release */,
			);
			defaultConfigurationIsVisible = 0;
			defaultConfigurationName = Release;
		};
		18F78BC322DCCE0C00D32182 /* Build configuration list for PBXNativeTarget "todolistUITests" */ = {
			isa = XCConfigurationList;
			buildConfigurations = (
				18F78BC422DCCE0C00D32182 /* Debug */,
				18F78BC522DCCE0C00D32182 /* Release */,
			);
			defaultConfigurationIsVisible = 0;
			defaultConfigurationName = Release;
		};
/* End XCConfigurationList section */

/* Begin XCVersionGroup section */
		18F78B9C22DCCE0A00D32182 /* todolist.xcdatamodeld */ = {
			isa = XCVersionGroup;
			children = (
				18F78B9D22DCCE0A00D32182 /* todolist.xcdatamodel */,
			);
			currentVersion = 18F78B9D22DCCE0A00D32182 /* todolist.xcdatamodel */;
			path = todolist.xcdatamodeld;
			sourceTree = "<group>";
			versionGroupType = wrapper.xcdatamodel;
		};
/* End XCVersionGroup section */
	};
	rootObject = 18F78B8A22DCCE0A00D32182 /* Project object */;
}
